
Microsoft Visual Studio Solution File, Format Version 12.00
# Visual Studio Version 17
VisualStudioVersion = 17.0.31903.59
MinimumVisualStudioVersion = 10.0.40219.1
Project("{FAE04EC0-301F-11D3-BF4B-00C04F79EFBC}") = "EventModuleApi", "EventModuleApi\EventModuleApi.csproj", "{4D2B7164-7A84-4D22-8028-58C0E61FB788}"
EndProject
Project("{FAE04EC0-301F-11D3-BF4B-00C04F79EFBC}") = "EventModuleApi.Test", "EventModuleApi.Test\EventModuleApi.Test.csproj", "{07E7EA05-2478-4F81-A193-EF193CECD41A}"
EndProject
Global
	GlobalSection(SolutionConfigurationPlatforms) = preSolution
		Debug|Any CPU = Debug|Any CPU
		Release|Any CPU = Release|Any CPU
	EndGlobalSection
	GlobalSection(SolutionProperties) = preSolution
		HideSolutionNode = FALSE
	EndGlobalSection
	GlobalSection(ProjectConfigurationPlatforms) = postSolution
		{4D2B7164-7A84-4D22-8028-58C0E61FB788}.Debug|Any CPU.ActiveCfg = Debug|Any CPU
		{4D2B7164-7A84-4D22-8028-58C0E61FB788}.Debug|Any CPU.Build.0 = Debug|Any CPU
		{4D2B7164-7A84-4D22-8028-58C0E61FB788}.Release|Any CPU.ActiveCfg = Release|Any CPU
		{4D2B7164-7A84-4D22-8028-58C0E61FB788}.Release|Any CPU.Build.0 = Release|Any CPU
		{07E7EA05-2478-4F81-A193-EF193CECD41A}.Debug|Any CPU.ActiveCfg = Debug|Any CPU
		{07E7EA05-2478-4F81-A193-EF193CECD41A}.Debug|Any CPU.Build.0 = Debug|Any CPU
		{07E7EA05-2478-4F81-A193-EF193CECD41A}.Release|Any CPU.ActiveCfg = Release|Any CPU
		{07E7EA05-2478-4F81-A193-EF193CECD41A}.Release|Any CPU.Build.0 = Release|Any CPU
	EndGlobalSection
EndGlobal
